
Microsoft Visual Studio Solution File, Format Version 12.00
# Visual Studio 15
VisualStudioVersion = 15.0.27130.2036
MinimumVisualStudioVersion = 10.0.40219.1
Project("{9A19103F-16F7-4668-BE54-9A1E7A4F7556}") = "SqlStreamStoreTests.Sql", "SqlStreamStoreTests.Sql\SqlStreamStoreTests.Sql.csproj", "{A89D742A-5FFB-484D-84B0-2113D0937A15}"
EndProject
Global
	GlobalSection(SolutionConfigurationPlatforms) = preSolution
		Debug|Any CPU = Debug|Any CPU
		Release|Any CPU = Release|Any CPU
	EndGlobalSection
	GlobalSection(ProjectConfigurationPlatforms) = postSolution
		{A89D742A-5FFB-484D-84B0-2113D0937A15}.Debug|Any CPU.ActiveCfg = Debug|Any CPU
		{A89D742A-5FFB-484D-84B0-2113D0937A15}.Debug|Any CPU.Build.0 = Debug|Any CPU
		{A89D742A-5FFB-484D-84B0-2113D0937A15}.Release|Any CPU.ActiveCfg = Release|Any CPU
		{A89D742A-5FFB-484D-84B0-2113D0937A15}.Release|Any CPU.Build.0 = Release|Any CPU
	EndGlobalSection
	GlobalSection(SolutionProperties) = preSolution
		HideSolutionNode = FALSE
	EndGlobalSection
	GlobalSection(ExtensibilityGlobals) = postSolution
		SolutionGuid = {32EA73FE-D233-4D94-8CFB-02898A4828CF}
	EndGlobalSection
EndGlobal
